
Microsoft Visual Studio Solution File, Format Version 12.00
# Visual Studio Version 17
VisualStudioVersion = 17.4.33122.133
MinimumVisualStudioVersion = 10.0.40219.1
Project("{FAE04EC0-301F-11D3-BF4B-00C04F79EFBC}") = "PetrovaJuliaKt-31-22", "PetrovaJuliaKt-31-22\PetrovaJuliaKt-31-22.csproj", "{9C4484BA-5DC3-4C18-B438-6885A3CA3CE1}"
EndProject
Global
	GlobalSection(SolutionConfigurationPlatforms) = preSolution
		Debug|Any CPU = Debug|Any CPU
		Release|Any CPU = Release|Any CPU
	EndGlobalSection
	GlobalSection(ProjectConfigurationPlatforms) = postSolution
		{9C4484BA-5DC3-4C18-B438-6885A3CA3CE1}.Debug|Any CPU.ActiveCfg = Debug|Any CPU
		{9C4484BA-5DC3-4C18-B438-6885A3CA3CE1}.Debug|Any CPU.Build.0 = Debug|Any CPU
		{9C4484BA-5DC3-4C18-B438-6885A3CA3CE1}.Release|Any CPU.ActiveCfg = Release|Any CPU
		{9C4484BA-5DC3-4C18-B438-6885A3CA3CE1}.Release|Any CPU.Build.0 = Release|Any CPU
	EndGlobalSection
	GlobalSection(SolutionProperties) = preSolution
		HideSolutionNode = FALSE
	EndGlobalSection
	GlobalSection(ExtensibilityGlobals) = postSolution
		SolutionGuid = {D23017F2-284E-40F3-8D61-F42845B8E16A}
	EndGlobalSection
EndGlobal
